
Microsoft Visual Studio Solution File, Format Version 12.00
# Visual Studio 15
VisualStudioVersion = 15.0.28307.539
MinimumVisualStudioVersion = 10.0.40219.1
Project("{FAE04EC0-301F-11D3-BF4B-00C04F79EFBC}") = "FiguresLib", "FiguresLib\FiguresLib.csproj", "{479612D8-E09E-462A-A8BA-5E6490063A12}"
EndProject
Project("{FAE04EC0-301F-11D3-BF4B-00C04F79EFBC}") = "FiguresTestApp", "FiguresTestApp\FiguresTestApp.csproj", "{DCE28EC4-D201-4788-B8C8-DFBA82F90DE2}"
EndProject
Global
	GlobalSection(SolutionConfigurationPlatforms) = preSolution
		Debug|Any CPU = Debug|Any CPU
		Release|Any CPU = Release|Any CPU
	EndGlobalSection
	GlobalSection(ProjectConfigurationPlatforms) = postSolution
		{479612D8-E09E-462A-A8BA-5E6490063A12}.Debug|Any CPU.ActiveCfg = Debug|Any CPU
		{479612D8-E09E-462A-A8BA-5E6490063A12}.Debug|Any CPU.Build.0 = Debug|Any CPU
		{479612D8-E09E-462A-A8BA-5E6490063A12}.Release|Any CPU.ActiveCfg = Release|Any CPU
		{479612D8-E09E-462A-A8BA-5E6490063A12}.Release|Any CPU.Build.0 = Release|Any CPU
		{DCE28EC4-D201-4788-B8C8-DFBA82F90DE2}.Debug|Any CPU.ActiveCfg = Debug|Any CPU
		{DCE28EC4-D201-4788-B8C8-DFBA82F90DE2}.Debug|Any CPU.Build.0 = Debug|Any CPU
		{DCE28EC4-D201-4788-B8C8-DFBA82F90DE2}.Release|Any CPU.ActiveCfg = Release|Any CPU
		{DCE28EC4-D201-4788-B8C8-DFBA82F90DE2}.Release|Any CPU.Build.0 = Release|Any CPU
	EndGlobalSection
	GlobalSection(SolutionProperties) = preSolution
		HideSolutionNode = FALSE
	EndGlobalSection
	GlobalSection(ExtensibilityGlobals) = postSolution
		SolutionGuid = {E8C75CFB-5BEA-4F60-BD46-BB127EB97731}
	EndGlobalSection
EndGlobal
